# This file is @generated by PDM.
# It is not intended for manual editing.

[metadata]
groups = ["default", "dev"]
strategy = ["inherit_metadata"]
lock_version = "4.5.0"
content_hash = "sha256:31fdb7b963ea48e6e988fdd334c193a0617284cc27eba0e37b4f610ca61059d7"

[[metadata.targets]]
requires_python = ">=3.14,<3.15"

[[package]]
name = "black"
version = "25.9.0"
requires_python = ">=3.9"
summary = "The uncompromising code formatter."
groups = ["dev"]
dependencies = [
    "click>=8.0.0",
    "mypy-extensions>=0.4.3",
    "packaging>=22.0",
    "pathspec>=0.9.0",
    "platformdirs>=2",
    "pytokens>=0.1.10",
    "tomli>=1.1.0; python_version < \"3.11\"",
    "typing-extensions>=4.0.1; python_version < \"3.11\"",
]
files = [
    {file = "black-25.9.0-py3-none-any.whl", hash = "sha256:474b34c1342cdc157d307b56c4c65bce916480c4a8f6551fdc6bf9b486a7c4ae"},
    {file = "black-25.9.0.tar.gz", hash = "sha256:0474bca9a0dd1b51791fcc507a4e02078a1c63f6d4e4ae5544b9848c7adfb619"},
]

[[package]]
name = "click"
version = "8.3.0"
requires_python = ">=3.10"
summary = "Composable command line interface toolkit"
groups = ["dev"]
dependencies = [
    "colorama; platform_system == \"Windows\"",
]
files = [
    {file = "click-8.3.0-py3-none-any.whl", hash = "sha256:9b9f285302c6e3064f4330c05f05b81945b2a39544279343e6e7c5f27a9baddc"},
    {file = "click-8.3.0.tar.gz", hash = "sha256:e7b8232224eba16f4ebe410c25ced9f7875cb5f3263ffc93cc3e8da705e229c4"},
]

[[package]]
name = "colorama"
version = "0.4.6"
requires_python = "!=3.0.*,!=3.1.*,!=3.2.*,!=3.3.*,!=3.4.*,!=3.5.*,!=3.6.*,>=2.7"
summary = "Cross-platform colored terminal text."
groups = ["default", "dev"]
marker = "platform_system == \"Windows\""
files = [
    {file = "colorama-0.4.6-py2.py3-none-any.whl", hash = "sha256:4f1d9991f5acc0ca119f9d443620b77f9d6b33703e51011c16baf57afb285fc6"},
]

[[package]]
name = "filelock"
version = "3.19.1"
requires_python = ">=3.9"
summary = "A platform independent file lock."
groups = ["default"]
files = [
    {file = "filelock-3.19.1-py3-none-any.whl", hash = "sha256:d38e30481def20772f5baf097c122c3babc4fcdb7e14e57049eb9d88c6dc017d"},
]

[[package]]
name = "fsspec"
version = "2025.9.0"
requires_python = ">=3.9"
summary = "File-system specification"
groups = ["default"]
files = [
    {file = "fsspec-2025.9.0-py3-none-any.whl", hash = "sha256:530dc2a2af60a414a832059574df4a6e10cce927f6f4a78209390fe38955cfb7"},
]

[[package]]
name = "isort"
version = "7.0.0"
requires_python = ">=3.10.0"
summary = "A Python utility / library to sort Python imports."
groups = ["dev"]
files = [
    {file = "isort-7.0.0-py3-none-any.whl", hash = "sha256:1bcabac8bc3c36c7fb7b98a76c8abb18e0f841a3ba81decac7691008592499c1"},
    {file = "isort-7.0.0.tar.gz", hash = "sha256:5513527951aadb3ac4292a41a16cbc50dd1642432f5e8c20057d414bdafb4187"},
]

[[package]]
name = "jinja2"
version = "3.1.6"
requires_python = ">=3.7"
summary = "A very fast and expressive template engine."
groups = ["default"]
dependencies = [
    "MarkupSafe>=2.0",
]
files = [
    {file = "jinja2-3.1.6-py3-none-any.whl", hash = "sha256:85ece4451f492d0c13c5dd7c13a64681a86afae63a5f347908daf103ce6d2f67"},
]

[[package]]
name = "markdown-it-py"
version = "4.0.0"
requires_python = ">=3.10"
summary = "Python port of markdown-it. Markdown parsing, done right!"
groups = ["default"]
dependencies = [
    "mdurl~=0.1",
]
files = [
    {file = "markdown_it_py-4.0.0-py3-none-any.whl", hash = "sha256:87327c59b172c5011896038353a81343b6754500a08cd7a4973bb48c6d578147"},
    {file = "markdown_it_py-4.0.0.tar.gz", hash = "sha256:cb0a2b4aa34f932c007117b194e945bd74e0ec24133ceb5bac59009cda1cb9f3"},
]

[[package]]
name = "markupsafe"
version = "2.1.5"
requires_python = ">=3.7"
summary = "Safely add untrusted strings to HTML/XML markup."
groups = ["default"]
files = [
    {file = "MarkupSafe-2.1.5.tar.gz", hash = "sha256:d283d37a890ba4c1ae73ffadf8046435c76e7bc2247bbb63c00bd1a709c6544b"},
]

[[package]]
name = "mdurl"
version = "0.1.2"
requires_python = ">=3.7"
summary = "Markdown URL utilities"
groups = ["default"]
files = [
    {file = "mdurl-0.1.2-py3-none-any.whl", hash = "sha256:84008a41e51615a49fc9966191ff91509e3c40b939176e643fd50a5c2196b8f8"},
    {file = "mdurl-0.1.2.tar.gz", hash = "sha256:bb413d29f5eea38f31dd4754dd7377d4465116fb207585f97bf925588687c1ba"},
]

[[package]]
name = "mpmath"
version = "1.3.0"
summary = "Python library for arbitrary-precision floating-point arithmetic"
groups = ["default"]
files = [
    {file = "mpmath-1.3.0-py3-none-any.whl", hash = "sha256:a0b2b9fe80bbcd81a6647ff13108738cfb482d481d826cc0e02f5b35e5c88d2c"},
]

[[package]]
name = "mypy-extensions"
version = "1.0.0"
requires_python = ">=3.5"
summary = "Type system extensions for programs checked with the mypy type checker."
groups = ["dev"]
files = [
    {file = "mypy_extensions-1.0.0-py3-none-any.whl", hash = "sha256:4392f6c0eb8a5668a69e23d168ffa70f0be9ccfd32b5cc2d26a34ae5b844552d"},
]

[[package]]
name = "networkx"
version = "3.5"
requires_python = ">=3.11"
summary = "Python package for creating and manipulating graphs and networks"
groups = ["default"]
files = [
    {file = "networkx-3.5-py3-none-any.whl", hash = "sha256:0030d386a9a06dee3565298b4a734b68589749a544acbb6c412dc9e2489ec6ec"},
]

[[package]]
name = "numpy"
version = "2.3.4"
requires_python = ">=3.11"
summary = "Fundamental package for array computing in Python"
groups = ["default"]
files = [
    {file = "numpy-2.3.4-cp314-cp314-macosx_10_15_x86_64.whl", hash = "sha256:81c3e6d8c97295a7360d367f9f8553973651b76907988bb6066376bc2252f24e"},
    {file = "numpy-2.3.4-cp314-cp314-macosx_11_0_arm64.whl", hash = "sha256:7c26b0b2bf58009ed1f38a641f3db4be8d960a417ca96d14e5b06df1506d41ff"},
    {file = "numpy-2.3.4-cp314-cp314-macosx_14_0_arm64.whl", hash = "sha256:62b2198c438058a20b6704351b35a1d7db881812d8512d67a69c9de1f18ca05f"},
    {file = "numpy-2.3.4-cp314-cp314-macosx_14_0_x86_64.whl", hash = "sha256:9d729d60f8d53a7361707f4b68a9663c968882dd4f09e0d58c044c8bf5faee7b"},
    {file = "numpy-2.3.4-cp314-cp314-manylinux_2_27_aarch64.manylinux_2_28_aarch64.whl", hash = "sha256:bd0c630cf256b0a7fd9d0a11c9413b42fef5101219ce6ed5a09624f5a65392c7"},
    {file = "numpy-2.3.4-cp314-cp314-manylinux_2_27_x86_64.manylinux_2_28_x86_64.whl", hash = "sha256:d5e081bc082825f8b139f9e9fe42942cb4054524598aaeb177ff476cc76d09d2"},
    {file = "numpy-2.3.4-cp314-cp314-musllinux_1_2_aarch64.whl", hash = "sha256:15fb27364ed84114438fff8aaf998c9e19adbeba08c0b75409f8c452a8692c52"},
    {file = "numpy-2.3.4-cp314-cp314-musllinux_1_2_x86_64.whl", hash = "sha256:85d9fb2d8cd998c84d13a79a09cc0c1091648e848e4e6249b0ccd7f6b487fa26"},
    {file = "numpy-2.3.4-cp314-cp314-win32.whl", hash = "sha256:e73d63fd04e3a9d6bc187f5455d81abfad05660b212c8804bf3b407e984cd2bc"},
    {file = "numpy-2.3.4-cp314-cp314-win_amd64.whl", hash = "sha256:3da3491cee49cf16157e70f607c03a217ea6647b1cea4819c4f48e53d49139b9"},
    {file = "numpy-2.3.4-cp314-cp314-win_arm64.whl", hash = "sha256:6d9cd732068e8288dbe2717177320723ccec4fb064123f0caf9bbd90ab5be868"},
    {file = "numpy-2.3.4-cp314-cp314t-macosx_10_15_x86_64.whl", hash = "sha256:22758999b256b595cf0b1d102b133bb61866ba5ceecf15f759623b64c020c9ec"},
    {file = "numpy-2.3.4-cp314-cp314t-macosx_11_0_arm64.whl", hash = "sha256:9cb177bc55b010b19798dc5497d540dea67fd13a8d9e882b2dae71de0cf09eb3"},
    {file = "numpy-2.3.4-cp314-cp314t-macosx_14_0_arm64.whl", hash = "sha256:0f2bcc76f1e05e5ab58893407c63d90b2029908fa41f9f1cc51eecce936c3365"},
    {file = "numpy-2.3.4-cp314-cp314t-macosx_14_0_x86_64.whl", hash = "sha256:8dc20bde86802df2ed8397a08d793da0ad7a5fd4ea3ac85d757bf5dd4ad7c252"},
    {file = "numpy-2.3.4-cp314-cp314t-manylinux_2_27_aarch64.manylinux_2_28_aarch64.whl", hash = "sha256:5e199c087e2aa71c8f9ce1cb7a8e10677dc12457e7cc1be4798632da37c3e86e"},
    {file = "numpy-2.3.4-cp314-cp314t-manylinux_2_27_x86_64.manylinux_2_28_x86_64.whl", hash = "sha256:85597b2d25ddf655495e2363fe044b0ae999b75bc4d630dc0d886484b03a5eb0"},
    {file = "numpy-2.3.4-cp314-cp314t-musllinux_1_2_aarch64.whl", hash = "sha256:04a69abe45b49c5955923cf2c407843d1c85013b424ae8a560bba16c92fe44a0"},
    {file = "numpy-2.3.4-cp314-cp314t-musllinux_1_2_x86_64.whl", hash = "sha256:e1708fac43ef8b419c975926ce1eaf793b0c13b7356cfab6ab0dc34c0a02ac0f"},
    {file = "numpy-2.3.4-cp314-cp314t-win32.whl", hash = "sha256:863e3b5f4d9915aaf1b8ec79ae560ad21f0b8d5e3adc31e73126491bb86dee1d"},
    {file = "numpy-2.3.4-cp314-cp314t-win_amd64.whl", hash = "sha256:962064de37b9aef801d33bc579690f8bfe6c5e70e29b61783f60bcba838a14d6"},
    {file = "numpy-2.3.4-cp314-cp314t-win_arm64.whl", hash = "sha256:8b5a9a39c45d852b62693d9b3f3e0fe052541f804296ff401a72a1b60edafb29"},
    {file = "numpy-2.3.4.tar.gz", hash = "sha256:a7d018bfedb375a8d979ac758b120ba846a7fe764911a64465fd87b8729f4a6a"},
]

[[package]]
name = "nvidia-cublas"
version = "13.0.0.19"
requires_python = ">=3"
summary = "CUBLAS native runtime libraries"
groups = ["default"]
marker = "platform_system == \"Linux\""
files = [
    {file = "nvidia_cublas-13.0.0.19-py3-none-manylinux_2_27_aarch64.whl", hash = "sha256:381b1a0ca636fdcb6920a871e8fc89dbfd1f6157f421ed0a6f2673e14cffd3bd"},
    {file = "nvidia_cublas-13.0.0.19-py3-none-manylinux_2_27_x86_64.whl", hash = "sha256:f6723af2e8e2600a11dc384037d90d9bf93070e346c24ef2e8f9001658c99896"},
    {file = "nvidia_cublas-13.0.0.19-py3-none-win_amd64.whl", hash = "sha256:e6ecde441aaf0bb74ed538cfb3b18aa374f452aebf0162088bcb10942f7bbc33"},
]

[[package]]
name = "nvidia-cuda-cupti"
version = "13.0.48"
requires_python = ">=3"
summary = "CUDA profiling tools runtime libs."
groups = ["default"]
marker = "platform_system == \"Linux\""
files = [
    {file = "nvidia_cuda_cupti-13.0.48-py3-none-manylinux_2_25_aarch64.whl", hash = "sha256:67c22627ef436afcf080b48e4ad17b3f83d9e7c0d990ad0c6c0627b01fb92ccc"},
    {file = "nvidia_cuda_cupti-13.0.48-py3-none-manylinux_2_25_x86_64.whl", hash = "sha256:417699e216b23d81bc0bbcb7032352f81b9c5372ef73c097a01abb83125a3d09"},
    {file = "nvidia_cuda_cupti-13.0.48-py3-none-win_amd64.whl", hash = "sha256:c0f0266d5674afad541888d4383bd172b7f90ff6df62df83ef9f5431a3c2c3b1"},
]

[[package]]
name = "nvidia-cuda-nvrtc"
version = "13.0.48"
requires_python = ">=3"
summary = "NVRTC native runtime libraries"
groups = ["default"]
marker = "platform_system == \"Linux\""
files = [
    {file = "nvidia_cuda_nvrtc-13.0.48-py3-none-manylinux2010_x86_64.manylinux_2_12_x86_64.whl", hash = "sha256:87e13d186905a35e7c04ad553a2abded0fba22f93b43d02e5da6f6cf73fb4d0a"},
    {file = "nvidia_cuda_nvrtc-13.0.48-py3-none-manylinux2014_aarch64.manylinux_2_17_aarch64.whl", hash = "sha256:6ccf1ef1b90a0763ac7536f3c17046659d89869d76b98ac358efc2e09b348365"},
    {file = "nvidia_cuda_nvrtc-13.0.48-py3-none-win_amd64.whl", hash = "sha256:9f10c41c3822a9d44a19e9150a05c99425514b691b342c6db6729072c5b88edd"},
]

[[package]]
name = "nvidia-cuda-runtime"
version = "13.0.48"
requires_python = ">=3"
summary = "CUDA Runtime native Libraries"
groups = ["default"]
marker = "platform_system == \"Linux\""
files = [
    {file = "nvidia_cuda_runtime-13.0.48-py3-none-manylinux2014_aarch64.manylinux_2_17_aarch64.whl", hash = "sha256:b807c0bb925a307bfa667a24f24d253aef8eda3ac4be66b333f2c9d357557008"},
    {file = "nvidia_cuda_runtime-13.0.48-py3-none-manylinux2014_x86_64.manylinux_2_17_x86_64.whl", hash = "sha256:5b54d12087a1abff81a4cbfa6556876e3afea1fc60da2e0816da374619810c89"},
    {file = "nvidia_cuda_runtime-13.0.48-py3-none-win_amd64.whl", hash = "sha256:03e581c7584b13e42ce175c774f46e1219e9c574f27fe88c2ccc75dd3f926ed7"},
]

[[package]]
name = "nvidia-cudnn-cu13"
version = "9.13.0.50"
requires_python = ">=3"
summary = "cuDNN runtime libraries"
groups = ["default"]
marker = "platform_system == \"Linux\""
dependencies = [
    "nvidia-cublas",
]
files = [
    {file = "nvidia_cudnn_cu13-9.13.0.50-py3-none-manylinux_2_27_aarch64.whl", hash = "sha256:33f0aa0b64230101b348648fd0693342188071d3f8a137c0cf50051c24b3584b"},
    {file = "nvidia_cudnn_cu13-9.13.0.50-py3-none-manylinux_2_27_x86_64.whl", hash = "sha256:2150b4850725d30653ec3e365f0732e3e2e3eb8633cf3bd2d3117628dea8b4f9"},
    {file = "nvidia_cudnn_cu13-9.13.0.50-py3-none-win_amd64.whl", hash = "sha256:216f6af23842823dfa84a32c3b91c9180aca9c036eebce0b8e05489c6bfc4b5c"},
]

[[package]]
name = "nvidia-cufft"
version = "12.0.0.15"
requires_python = ">=3"
summary = "CUFFT native runtime libraries"
groups = ["default"]
marker = "platform_system == \"Linux\""
dependencies = [
    "nvidia-nvjitlink",
]
files = [
    {file = "nvidia_cufft-12.0.0.15-py3-none-manylinux2014_aarch64.manylinux_2_17_aarch64.whl", hash = "sha256:1885731254835797572ff075f3daf43a2a0a2801210dea26971940dae7e1a367"},
    {file = "nvidia_cufft-12.0.0.15-py3-none-manylinux2014_x86_64.manylinux_2_17_x86_64.whl", hash = "sha256:9f160b1f018e80bcb0d7c0fa50564b042fa26b13edc1b1ff14b6375a9edd2812"},
    {file = "nvidia_cufft-12.0.0.15-py3-none-win_amd64.whl", hash = "sha256:ff2083e7c4f5bc063d37ec8399277e514ca97b554e069aa6f7eb7ce6d727dc7b"},
]

[[package]]
name = "nvidia-cufile"
version = "1.15.0.42"
requires_python = ">=3"
summary = "cuFile GPUDirect libraries"
groups = ["default"]
marker = "platform_system == \"Linux\""
files = [
    {file = "nvidia_cufile-1.15.0.42-py3-none-manylinux2014_x86_64.manylinux_2_17_x86_64.whl", hash = "sha256:c8f9813eff24d61586699c615e39817e2b4e4f642cace32733c2ab6f663a7eab"},
    {file = "nvidia_cufile-1.15.0.42-py3-none-manylinux_2_27_aarch64.whl", hash = "sha256:bced4036b5a8dbf57e4d78cd4fafefec58ad754b784a9eaa272b011896754c62"},
]

[[package]]
name = "nvidia-curand"
version = "10.4.0.35"
requires_python = ">=3"
summary = "CURAND native runtime libraries"
groups = ["default"]
marker = "platform_system == \"Linux\""
files = [
    {file = "nvidia_curand-10.4.0.35-py3-none-manylinux_2_27_aarch64.whl", hash = "sha256:133df5a7509c3e292aaa2b477afd0194f06ce4ea24d714d616ff36439cee349a"},
    {file = "nvidia_curand-10.4.0.35-py3-none-manylinux_2_27_x86_64.whl", hash = "sha256:1aee33a5da6e1db083fe2b90082def8915f30f3248d5896bcec36a579d941bfc"},
    {file = "nvidia_curand-10.4.0.35-py3-none-win_amd64.whl", hash = "sha256:65b1710aa6961d326b411e314b374290904c5ddf41dc3f766ebc3f1d7d4ca69f"},
]

[[package]]
name = "nvidia-cusolver"
version = "12.0.3.29"
requires_python = ">=3"
summary = "CUDA solver native runtime libraries"
groups = ["default"]
marker = "platform_system == \"Linux\""
dependencies = [
    "nvidia-cublas",
    "nvidia-cusparse",
    "nvidia-nvjitlink",
]
files = [
    {file = "nvidia_cusolver-12.0.3.29-py3-none-manylinux_2_27_aarch64.whl", hash = "sha256:3bb6e65ce0beaeafdd069b320246e8f17c1cd30ddb27a0539143a3706733a4d8"},
    {file = "nvidia_cusolver-12.0.3.29-py3-none-manylinux_2_27_x86_64.whl", hash = "sha256:6f54c2eed5edab54c224dd1852dde80ba76b2b78e6d3ce7344fef5dfc66d16ab"},
    {file = "nvidia_cusolver-12.0.3.29-py3-none-win_amd64.whl", hash = "sha256:103fa9e99d63e4be4d04e4a9cb7dfaec5d86f486bb59838cb72803cabb1690a4"},
]

[[package]]
name = "nvidia-cusparse"
version = "12.6.2.49"
requires_python = ">=3"
summary = "CUSPARSE native runtime libraries"
groups = ["default"]
marker = "platform_system == \"Linux\""
dependencies = [
    "nvidia-nvjitlink",
]
files = [
    {file = "nvidia_cusparse-12.6.2.49-py3-none-manylinux2014_aarch64.manylinux_2_17_aarch64.whl", hash = "sha256:5d3269c19283a0057fb5ebfb003ae2a10c97a28a6958f4238354826b055827c7"},
    {file = "nvidia_cusparse-12.6.2.49-py3-none-manylinux2014_x86_64.manylinux_2_17_x86_64.whl", hash = "sha256:efcf0b01e3a0827c144feff5391456b8a06e9ce63dcd51c0943e32e605251952"},
    {file = "nvidia_cusparse-12.6.2.49-py3-none-win_amd64.whl", hash = "sha256:b48237614131dedf9cd00d99ce950d8e1b2945ab9d29337fbdc1e014f0ee9830"},
]

[[package]]
name = "nvidia-cusparselt-cu13"
version = "0.8.0"
summary = "NVIDIA cuSPARSELt"
groups = ["default"]
marker = "platform_system == \"Linux\""
files = [
    {file = "nvidia_cusparselt_cu13-0.8.0-py3-none-manylinux2014_aarch64.whl", hash = "sha256:400c6ed1cf6780fc6efedd64ec9f1345871767e6a1a0a552a1ea0578117ea77c"},
    {file = "nvidia_cusparselt_cu13-0.8.0-py3-none-manylinux2014_x86_64.whl", hash = "sha256:25e30a8a7323935d4ad0340b95a0b69926eee755767e8e0b1cf8dd85b197d3fd"},
    {file = "nvidia_cusparselt_cu13-0.8.0-py3-none-win_amd64.whl", hash = "sha256:e80212ed7b1afc97102fbb2b5c82487aa73f6a0edfa6d26c5a152593e520bb8f"},
]

[[package]]
name = "nvidia-nccl-cu13"
version = "2.27.7"
requires_python = ">=3"
summary = "NVIDIA Collective Communication Library (NCCL) Runtime"
groups = ["default"]
marker = "platform_system == \"Linux\""
files = [
    {file = "nvidia_nccl_cu13-2.27.7-py3-none-manylinux2014_aarch64.manylinux_2_17_aarch64.whl", hash = "sha256:5e3cc863e52bf9dd1e3ab1941bddb414098f489ae7342f6b3a274602303da123"},
    {file = "nvidia_nccl_cu13-2.27.7-py3-none-manylinux2014_x86_64.manylinux_2_17_x86_64.whl", hash = "sha256:b28a524abd8389b76a4a3f133c76a7aaa7005e47fcaa9d9603b90103927a3f93"},
]

[[package]]
name = "nvidia-nvjitlink"
version = "13.0.39"
requires_python = ">=3"
summary = "Nvidia JIT LTO Library"
groups = ["default"]
marker = "platform_system == \"Linux\""
files = [
    {file = "nvidia_nvjitlink-13.0.39-py3-none-manylinux2010_x86_64.manylinux_2_12_x86_64.whl", hash = "sha256:bc3179be558329ef9687884c6faa27cdc0659bdbc642432ec8cc6cc00d182627"},
    {file = "nvidia_nvjitlink-13.0.39-py3-none-manylinux2014_aarch64.manylinux_2_17_aarch64.whl", hash = "sha256:ce0d63fa5ebedf542056e7491c49feed2297c900980aa6269b6a55f478056ad7"},
    {file = "nvidia_nvjitlink-13.0.39-py3-none-win_amd64.whl", hash = "sha256:478d06d3783b1c26a9bea308b972737a9fb2bb832d2254aa51fe753713b4a583"},
]

[[package]]
name = "nvidia-nvshmem-cu13"
version = "3.3.24"
requires_python = ">=3"
summary = "NVSHMEM creates a global address space that provides efficient and scalable communication for NVIDIA GPU clusters."
groups = ["default"]
marker = "platform_system == \"Linux\""
files = [
    {file = "nvidia_nvshmem_cu13-3.3.24-py3-none-manylinux2014_aarch64.manylinux_2_17_aarch64.whl", hash = "sha256:28ae82a4d14b322b93409535de62df6b7b83f4f7672ca97fc89107c2d40ce2c2"},
    {file = "nvidia_nvshmem_cu13-3.3.24-py3-none-manylinux2014_x86_64.manylinux_2_17_x86_64.whl", hash = "sha256:c14d09571697d2e57cb079c8daec88ab1c68cb3586532bfbd4886125a08339b7"},
]

[[package]]
name = "nvidia-nvtx"
version = "13.0.39"
requires_python = ">=3"
summary = "NVIDIA Tools Extension"
groups = ["default"]
marker = "platform_system == \"Linux\""
files = [
    {file = "nvidia_nvtx-13.0.39-py3-none-manylinux1_x86_64.manylinux_2_5_x86_64.whl", hash = "sha256:cc113127785c96db8a0fe715df92db9788777b4b3d1bd713d42f75969201b5ce"},
    {file = "nvidia_nvtx-13.0.39-py3-none-manylinux2014_aarch64.manylinux_2_17_aarch64.whl", hash = "sha256:cddd2e08b35144f1000631c3880c9ebbcb8a2863d762e76f92d47d30ecaf87cc"},
    {file = "nvidia_nvtx-13.0.39-py3-none-win_amd64.whl", hash = "sha256:14e4e4cf8976ce9544ec5e70e39dca8a7cc62af4692f20d8dc85266709d2e641"},
]

[[package]]
name = "packaging"
version = "24.1"
requires_python = ">=3.8"
summary = "Core utilities for Python packages"
groups = ["dev"]
files = [
    {file = "packaging-24.1-py3-none-any.whl", hash = "sha256:5b8f2217dbdbd2f7f384c41c628544e6d52f2d0f53c6d0c3ea61aa5d1d7ff124"},
]

[[package]]
name = "pandas"
version = "2.3.3"
requires_python = ">=3.9"
summary = "Powerful data structures for data analysis, time series, and statistics"
groups = ["default"]
dependencies = [
    "numpy>=1.22.4; python_version < \"3.11\"",
    "numpy>=1.23.2; python_version == \"3.11\"",
    "numpy>=1.26.0; python_version >= \"3.12\"",
    "python-dateutil>=2.8.2",
    "pytz>=2020.1",
    "tzdata>=2022.7",
]
files = [
    {file = "pandas-2.3.3-cp314-cp314-macosx_10_13_x86_64.whl", hash = "sha256:ee15f284898e7b246df8087fc82b87b01686f98ee67d85a17b7ab44143a3a9a0"},
    {file = "pandas-2.3.3-cp314-cp314-macosx_11_0_arm64.whl", hash = "sha256:1611aedd912e1ff81ff41c745822980c49ce4a7907537be8692c8dbc31924593"},
    {file = "pandas-2.3.3-cp314-cp314-manylinux_2_24_aarch64.manylinux_2_28_aarch64.whl", hash = "sha256:6d2cefc361461662ac48810cb14365a365ce864afe85ef1f447ff5a1e99ea81c"},
    {file = "pandas-2.3.3-cp314-cp314-manylinux_2_24_x86_64.manylinux_2_28_x86_64.whl", hash = "sha256:ee67acbbf05014ea6c763beb097e03cd629961c8a632075eeb34247120abcb4b"},
    {file = "pandas-2.3.3-cp314-cp314-musllinux_1_2_aarch64.whl", hash = "sha256:c46467899aaa4da076d5abc11084634e2d197e9460643dd455ac3db5856b24d6"},
    {file = "pandas-2.3.3-cp314-cp314-musllinux_1_2_x86_64.whl", hash = "sha256:6253c72c6a1d990a410bc7de641d34053364ef8bcd3126f7e7450125887dffe3"},
    {file = "pandas-2.3.3-cp314-cp314-win_amd64.whl", hash = "sha256:1b07204a219b3b7350abaae088f451860223a52cfb8a6c53358e7948735158e5"},
    {file = "pandas-2.3.3-cp314-cp314t-macosx_10_13_x86_64.whl", hash = "sha256:2462b1a365b6109d275250baaae7b760fd25c726aaca0054649286bcfbb3e8ec"},
    {file = "pandas-2.3.3-cp314-cp314t-macosx_11_0_arm64.whl", hash = "sha256:0242fe9a49aa8b4d78a4fa03acb397a58833ef6199e9aa40a95f027bb3a1b6e7"},
    {file = "pandas-2.3.3-cp314-cp314t-manylinux_2_24_aarch64.manylinux_2_28_aarch64.whl", hash = "sha256:a21d830e78df0a515db2b3d2f5570610f5e6bd2e27749770e8bb7b524b89b450"},
    {file = "pandas-2.3.3-cp314-cp314t-manylinux_2_24_x86_64.manylinux_2_28_x86_64.whl", hash = "sha256:2e3ebdb170b5ef78f19bfb71b0dc5dc58775032361fa188e814959b74d726dd5"},
    {file = "pandas-2.3.3-cp314-cp314t-musllinux_1_2_aarch64.whl", hash = "sha256:d051c0e065b94b7a3cea50eb1ec32e912cd96dba41647eb24104b6c6c14c5788"},
    {file = "pandas-2.3.3-cp314-cp314t-musllinux_1_2_x86_64.whl", hash = "sha256:3869faf4bd07b3b66a9f462417d0ca3a9df29a9f6abd5d0d0dbab15dac7abe87"},
    {file = "pandas-2.3.3.tar.gz", hash = "sha256:e05e1af93b977f7eafa636d043f9f94c7ee3ac81af99c13508215942e64c993b"},
]

[[package]]
name = "pathspec"
version = "0.12.1"
requires_python = ">=3.8"
summary = "Utility library for gitignore style pattern matching of file paths."
groups = ["dev"]
files = [
    {file = "pathspec-0.12.1-py3-none-any.whl", hash = "sha256:a0d503e138a4c123b27490a4f7beda6a01c6f288df0e4a8b79c7eb0dc7b4cc08"},
    {file = "pathspec-0.12.1.tar.gz", hash = "sha256:a482d51503a1ab33b1c67a6c3813a26953dbdc71c31dacaef9a838c4e29f5712"},
]

[[package]]
name = "pillow"
version = "12.0.0"
requires_python = ">=3.10"
summary = "Python Imaging Library (fork)"
groups = ["default"]
files = [
    {file = "pillow-12.0.0-cp314-cp314-ios_13_0_arm64_iphoneos.whl", hash = "sha256:beeae3f27f62308f1ddbcfb0690bf44b10732f2ef43758f169d5e9303165d3f9"},
    {file = "pillow-12.0.0-cp314-cp314-ios_13_0_arm64_iphonesimulator.whl", hash = "sha256:d4827615da15cd59784ce39d3388275ec093ae3ee8d7f0c089b76fa87af756c2"},
    {file = "pillow-12.0.0-cp314-cp314-ios_13_0_x86_64_iphonesimulator.whl", hash = "sha256:3e42edad50b6909089750e65c91aa09aaf1e0a71310d383f11321b27c224ed8a"},
    {file = "pillow-12.0.0-cp314-cp314-macosx_10_15_x86_64.whl", hash = "sha256:e5d8efac84c9afcb40914ab49ba063d94f5dbdf5066db4482c66a992f47a3a3b"},
    {file = "pillow-12.0.0-cp314-cp314-macosx_11_0_arm64.whl", hash = "sha256:266cd5f2b63ff316d5a1bba46268e603c9caf5606d44f38c2873c380950576ad"},
    {file = "pillow-12.0.0-cp314-cp314-manylinux2014_aarch64.manylinux_2_17_aarch64.whl", hash = "sha256:58eea5ebe51504057dd95c5b77d21700b77615ab0243d8152793dc00eb4faf01"},
    {file = "pillow-12.0.0-cp314-cp314-manylinux2014_x86_64.manylinux_2_17_x86_64.whl", hash = "sha256:f13711b1a5ba512d647a0e4ba79280d3a9a045aaf7e0cc6fbe96b91d4cdf6b0c"},
    {file = "pillow-12.0.0-cp314-cp314-manylinux_2_27_aarch64.manylinux_2_28_aarch64.whl", hash = "sha256:6846bd2d116ff42cba6b646edf5bf61d37e5cbd256425fa089fee4ff5c07a99e"},
    {file = "pillow-12.0.0-cp314-cp314-manylinux_2_27_x86_64.manylinux_2_28_x86_64.whl", hash = "sha256:c98fa880d695de164b4135a52fd2e9cd7b7c90a9d8ac5e9e443a24a95ef9248e"},
    {file = "pillow-12.0.0-cp314-cp314-musllinux_1_2_aarch64.whl", hash = "sha256:fa3ed2a29a9e9d2d488b4da81dcb54720ac3104a20bf0bd273f1e4648aff5af9"},
    {file = "pillow-12.0.0-cp314-cp314-musllinux_1_2_x86_64.whl", hash = "sha256:d034140032870024e6b9892c692fe2968493790dd57208b2c37e3fb35f6df3ab"},
    {file = "pillow-12.0.0-cp314-cp314-win32.whl", hash = "sha256:1b1b133e6e16105f524a8dec491e0586d072948ce15c9b914e41cdadd209052b"},
    {file = "pillow-12.0.0-cp314-cp314-win_amd64.whl", hash = "sha256:8dc232e39d409036af549c86f24aed8273a40ffa459981146829a324e0848b4b"},
    {file = "pillow-12.0.0-cp314-cp314-win_arm64.whl", hash = "sha256:d52610d51e265a51518692045e372a4c363056130d922a7351429ac9f27e70b0"},
    {file = "pillow-12.0.0-cp314-cp314t-macosx_10_15_x86_64.whl", hash = "sha256:1979f4566bb96c1e50a62d9831e2ea2d1211761e5662afc545fa766f996632f6"},
    {file = "pillow-12.0.0-cp314-cp314t-macosx_11_0_arm64.whl", hash = "sha256:b2e4b27a6e15b04832fe9bf292b94b5ca156016bbc1ea9c2c20098a0320d6cf6"},
    {file = "pillow-12.0.0-cp314-cp314t-manylinux2014_aarch64.manylinux_2_17_aarch64.whl", hash = "sha256:fb3096c30df99fd01c7bf8e544f392103d0795b9f98ba71a8054bcbf56b255f1"},
    {file = "pillow-12.0.0-cp314-cp314t-manylinux2014_x86_64.manylinux_2_17_x86_64.whl", hash = "sha256:7438839e9e053ef79f7112c881cef684013855016f928b168b81ed5835f3e75e"},
    {file = "pillow-12.0.0-cp314-cp314t-manylinux_2_27_aarch64.manylinux_2_28_aarch64.whl", hash = "sha256:5d5c411a8eaa2299322b647cd932586b1427367fd3184ffbb8f7a219ea2041ca"},
    {file = "pillow-12.0.0-cp314-cp314t-manylinux_2_27_x86_64.manylinux_2_28_x86_64.whl", hash = "sha256:d7e091d464ac59d2c7ad8e7e08105eaf9dafbc3883fd7265ffccc2baad6ac925"},
    {file = "pillow-12.0.0-cp314-cp314t-musllinux_1_2_aarch64.whl", hash = "sha256:792a2c0be4dcc18af9d4a2dfd8a11a17d5e25274a1062b0ec1c2d79c76f3e7f8"},
    {file = "pillow-12.0.0-cp314-cp314t-musllinux_1_2_x86_64.whl", hash = "sha256:afbefa430092f71a9593a99ab6a4e7538bc9eabbf7bf94f91510d3503943edc4"},
    {file = "pillow-12.0.0-cp314-cp314t-win32.whl", hash = "sha256:3830c769decf88f1289680a59d4f4c46c72573446352e2befec9a8512104fa52"},
    {file = "pillow-12.0.0-cp314-cp314t-win_amd64.whl", hash = "sha256:905b0365b210c73afb0ebe9101a32572152dfd1c144c7e28968a331b9217b94a"},
    {file = "pillow-12.0.0-cp314-cp314t-win_arm64.whl", hash = "sha256:99353a06902c2e43b43e8ff74ee65a7d90307d82370604746738a1e0661ccca7"},
    {file = "pillow-12.0.0.tar.gz", hash = "sha256:87d4f8125c9988bfbed67af47dd7a953e2fc7b0cc1e7800ec6d2080d490bb353"},
]

[[package]]
name = "platformdirs"
version = "4.5.0"
requires_python = ">=3.10"
summary = "A small Python package for determining appropriate platform-specific dirs, e.g. a `user data dir`."
groups = ["dev"]
files = [
    {file = "platformdirs-4.5.0-py3-none-any.whl", hash = "sha256:e578a81bb873cbb89a41fcc904c7ef523cc18284b7e3b3ccf06aca1403b7ebd3"},
    {file = "platformdirs-4.5.0.tar.gz", hash = "sha256:70ddccdd7c99fc5942e9fc25636a8b34d04c24b335100223152c2803e4063312"},
]

[[package]]
name = "pygments"
version = "2.19.2"
requires_python = ">=3.8"
summary = "Pygments is a syntax highlighting package written in Python."
groups = ["default"]
files = [
    {file = "pygments-2.19.2-py3-none-any.whl", hash = "sha256:86540386c03d588bb81d44bc3928634ff26449851e99741617ecb9037ee5ec0b"},
    {file = "pygments-2.19.2.tar.gz", hash = "sha256:636cb2477cec7f8952536970bc533bc43743542f70392ae026374600add5b887"},
]

[[package]]
name = "python-dateutil"
version = "2.9.0.post0"
requires_python = "!=3.0.*,!=3.1.*,!=3.2.*,>=2.7"
summary = "Extensions to the standard Python datetime module"
groups = ["default"]
dependencies = [
    "six>=1.5",
]
files = [
    {file = "python-dateutil-2.9.0.post0.tar.gz", hash = "sha256:37dd54208da7e1cd875388217d5e00ebd4179249f90fb72437e91a35459a0ad3"},
    {file = "python_dateutil-2.9.0.post0-py2.py3-none-any.whl", hash = "sha256:a8b2bc7bffae282281c8140a97d3aa9c14da0b136dfe83f850eea9a5f7470427"},
]

[[package]]
name = "pytokens"
version = "0.2.0"
requires_python = ">=3.8"
summary = "A Fast, spec compliant Python 3.13+ tokenizer that runs on older Pythons."
groups = ["dev"]
files = [
    {file = "pytokens-0.2.0-py3-none-any.whl", hash = "sha256:74d4b318c67f4295c13782ddd9abcb7e297ec5630ad060eb90abf7ebbefe59f8"},
    {file = "pytokens-0.2.0.tar.gz", hash = "sha256:532d6421364e5869ea57a9523bf385f02586d4662acbcc0342afd69511b4dd43"},
]

[[package]]
name = "pytz"
version = "2025.2"
summary = "World timezone definitions, modern and historical"
groups = ["default"]
files = [
    {file = "pytz-2025.2-py2.py3-none-any.whl", hash = "sha256:5ddf76296dd8c44c26eb8f4b6f35488f3ccbf6fbbd7adee0b7262d43f0ec2f00"},
    {file = "pytz-2025.2.tar.gz", hash = "sha256:360b9e3dbb49a209c21ad61809c7fb453643e048b38924c765813546746e81c3"},
]

[[package]]
name = "pyyaml"
version = "6.0.3"
requires_python = ">=3.8"
summary = "YAML parser and emitter for Python"
groups = ["default"]
files = [
    {file = "pyyaml-6.0.3-cp314-cp314-macosx_10_13_x86_64.whl", hash = "sha256:8d1fab6bb153a416f9aeb4b8763bc0f22a5586065f86f7664fc23339fc1c1fac"},
    {file = "pyyaml-6.0.3-cp314-cp314-macosx_11_0_arm64.whl", hash = "sha256:34d5fcd24b8445fadc33f9cf348c1047101756fd760b4dacb5c3e99755703310"},
    {file = "pyyaml-6.0.3-cp314-cp314-manylinux2014_aarch64.manylinux_2_17_aarch64.manylinux_2_28_aarch64.whl", hash = "sha256:501a031947e3a9025ed4405a168e6ef5ae3126c59f90ce0cd6f2bfc477be31b7"},
    {file = "pyyaml-6.0.3-cp314-cp314-manylinux2014_s390x.manylinux_2_17_s390x.manylinux_2_28_s390x.whl", hash = "sha256:b3bc83488de33889877a0f2543ade9f70c67d66d9ebb4ac959502e12de895788"},
    {file = "pyyaml-6.0.3-cp314-cp314-manylinux2014_x86_64.manylinux_2_17_x86_64.manylinux_2_28_x86_64.whl", hash = "sha256:c458b6d084f9b935061bc36216e8a69a7e293a2f1e68bf956dcd9e6cbcd143f5"},
    {file = "pyyaml-6.0.3-cp314-cp314-musllinux_1_2_aarch64.whl", hash = "sha256:7c6610def4f163542a622a73fb39f534f8c101d690126992300bf3207eab9764"},
    {file = "pyyaml-6.0.3-cp314-cp314-musllinux_1_2_x86_64.whl", hash = "sha256:5190d403f121660ce8d1d2c1bb2ef1bd05b5f68533fc5c2ea899bd15f4399b35"},
    {file = "pyyaml-6.0.3-cp314-cp314-win_amd64.whl", hash = "sha256:4a2e8cebe2ff6ab7d1050ecd59c25d4c8bd7e6f400f5f82b96557ac0abafd0ac"},
    {file = "pyyaml-6.0.3-cp314-cp314-win_arm64.whl", hash = "sha256:93dda82c9c22deb0a405ea4dc5f2d0cda384168e466364dec6255b293923b2f3"},
    {file = "pyyaml-6.0.3-cp314-cp314t-macosx_10_13_x86_64.whl", hash = "sha256:02893d100e99e03eda1c8fd5c441d8c60103fd175728e23e431db1b589cf5ab3"},
    {file = "pyyaml-6.0.3-cp314-cp314t-macosx_11_0_arm64.whl", hash = "sha256:c1ff362665ae507275af2853520967820d9124984e0f7466736aea23d8611fba"},
    {file = "pyyaml-6.0.3-cp314-cp314t-manylinux2014_aarch64.manylinux_2_17_aarch64.manylinux_2_28_aarch64.whl", hash = "sha256:6adc77889b628398debc7b65c073bcb99c4a0237b248cacaf3fe8a557563ef6c"},
    {file = "pyyaml-6.0.3-cp314-cp314t-manylinux2014_s390x.manylinux_2_17_s390x.manylinux_2_28_s390x.whl", hash = "sha256:a80cb027f6b349846a3bf6d73b5e95e782175e52f22108cfa17876aaeff93702"},
    {file = "pyyaml-6.0.3-cp314-cp314t-manylinux2014_x86_64.manylinux_2_17_x86_64.manylinux_2_28_x86_64.whl", hash = "sha256:00c4bdeba853cc34e7dd471f16b4114f4162dc03e6b7afcc2128711f0eca823c"},
    {file = "pyyaml-6.0.3-cp314-cp314t-musllinux_1_2_aarch64.whl", hash = "sha256:66e1674c3ef6f541c35191caae2d429b967b99e02040f5ba928632d9a7f0f065"},
    {file = "pyyaml-6.0.3-cp314-cp314t-musllinux_1_2_x86_64.whl", hash = "sha256:16249ee61e95f858e83976573de0f5b2893b3677ba71c9dd36b9cf8be9ac6d65"},
    {file = "pyyaml-6.0.3-cp314-cp314t-win_amd64.whl", hash = "sha256:4ad1906908f2f5ae4e5a8ddfce73c320c2a1429ec52eafd27138b7f1cbe341c9"},
    {file = "pyyaml-6.0.3-cp314-cp314t-win_arm64.whl", hash = "sha256:ebc55a14a21cb14062aa4162f906cd962b28e2e9ea38f9b4391244cd8de4ae0b"},
    {file = "pyyaml-6.0.3.tar.gz", hash = "sha256:d76623373421df22fb4cf8817020cbb7ef15c725b9d5e45f17e189bfc384190f"},
]

[[package]]
name = "rich"
version = "14.2.0"
requires_python = ">=3.8.0"
summary = "Render rich text, tables, progress bars, syntax highlighting, markdown and more to the terminal"
groups = ["default"]
dependencies = [
    "markdown-it-py>=2.2.0",
    "pygments<3.0.0,>=2.13.0",
]
files = [
    {file = "rich-14.2.0-py3-none-any.whl", hash = "sha256:76bc51fe2e57d2b1be1f96c524b890b816e334ab4c1e45888799bfaab0021edd"},
    {file = "rich-14.2.0.tar.gz", hash = "sha256:73ff50c7c0c1c77c8243079283f4edb376f0f6442433aecb8ce7e6d0b92d1fe4"},
]

[[package]]
name = "setuptools"
version = "70.2.0"
requires_python = ">=3.8"
summary = "Easily download, build, install, upgrade, and uninstall Python packages"
groups = ["default"]
marker = "python_version >= \"3.12\""
files = [
    {file = "setuptools-70.2.0-py3-none-any.whl", hash = "sha256:b8b8060bb426838fbe942479c90296ce976249451118ef566a5a0b7d8b78fb05"},
]

[[package]]
name = "six"
version = "1.17.0"
requires_python = "!=3.0.*,!=3.1.*,!=3.2.*,>=2.7"
summary = "Python 2 and 3 compatibility utilities"
groups = ["default"]
files = [
    {file = "six-1.17.0-py2.py3-none-any.whl", hash = "sha256:4721f391ed90541fddacab5acf947aa0d3dc7d27b2e1e8eda2be8970586c3274"},
    {file = "six-1.17.0.tar.gz", hash = "sha256:ff70335d468e7eb6ec65b95b99d3a2836546063f63acc5171de367e834932a81"},
]

[[package]]
name = "sympy"
version = "1.14.0"
requires_python = ">=3.9"
summary = "Computer algebra system (CAS) in Python"
groups = ["default"]
dependencies = [
    "mpmath<1.4,>=1.1.0",
]
files = [
    {file = "sympy-1.14.0-py3-none-any.whl", hash = "sha256:e091cc3e99d2141a0ba2847328f5479b05d94a6635cb96148ccb3f34671bd8f5"},
]

[[package]]
name = "torch"
version = "2.9.0"
requires_python = ">=3.10"
summary = "Tensors and Dynamic neural networks in Python with strong GPU acceleration"
groups = ["default"]
dependencies = [
    "filelock",
    "fsspec>=0.8.5",
    "jinja2",
    "networkx>=2.5.1",
    "nvidia-cublas==13.0.0.19; platform_system == \"Linux\"",
    "nvidia-cuda-cupti==13.0.48; platform_system == \"Linux\"",
    "nvidia-cuda-nvrtc==13.0.48; platform_system == \"Linux\"",
    "nvidia-cuda-runtime==13.0.48; platform_system == \"Linux\"",
    "nvidia-cudnn-cu13==9.13.0.50; platform_system == \"Linux\"",
    "nvidia-cufft==12.0.0.15; platform_system == \"Linux\"",
    "nvidia-cufile==1.15.0.42; platform_system == \"Linux\"",
    "nvidia-curand==10.4.0.35; platform_system == \"Linux\"",
    "nvidia-cusolver==12.0.3.29; platform_system == \"Linux\"",
    "nvidia-cusparse==12.6.2.49; platform_system == \"Linux\"",
    "nvidia-cusparselt-cu13==0.8.0; platform_system == \"Linux\"",
    "nvidia-nccl-cu13==2.27.7; platform_system == \"Linux\"",
    "nvidia-nvjitlink==13.0.39; platform_system == \"Linux\"",
    "nvidia-nvshmem-cu13==3.3.24; platform_system == \"Linux\"",
    "nvidia-nvtx==13.0.39; platform_system == \"Linux\"",
    "setuptools; python_version >= \"3.12\"",
    "sympy>=1.13.3",
    "triton==3.5.0; platform_system == \"Linux\"",
    "typing-extensions>=4.10.0",
]
files = [
    {file = "torch-2.9.0+cu130-cp314-cp314-manylinux_2_28_aarch64.whl", hash = "sha256:cb0db232eb9edaad9d2ae4e18f9f0a7763ff5c1774bacd2d6eb4a92a8ba28678"},
    {file = "torch-2.9.0+cu130-cp314-cp314-manylinux_2_28_x86_64.whl", hash = "sha256:a656d92ec2c8305a00b061f0cac1da4df54bf491fd937e10754c76518a5ce87b"},
    {file = "torch-2.9.0+cu130-cp314-cp314-win_amd64.whl", hash = "sha256:3c9c96b4168020e91d90756070a793af1ff511cab8090ea487acd12b7419d861"},
    {file = "torch-2.9.0+cu130-cp314-cp314t-manylinux_2_28_aarch64.whl", hash = "sha256:6fb83834a825d4dfe6cd55cc2b370337ab369110ead6aecda98dcefacc8f3b24"},
    {file = "torch-2.9.0+cu130-cp314-cp314t-manylinux_2_28_x86_64.whl", hash = "sha256:f3f3cce8e6c13887bedf0354de3a2f4ca8989e9c3d9cb8dc3bc77f7eddf6ea97"},
    {file = "torch-2.9.0+cu130-cp314-cp314t-win_amd64.whl", hash = "sha256:cdc189be3f216661353486e678199d4102f281804ebddd1c4d0f91b10a30963b"},
]

[[package]]
name = "torchvision"
version = "0.24.0"
requires_python = ">=3.10"
summary = "image and video datasets and models for torch deep learning"
groups = ["default"]
dependencies = [
    "numpy",
    "pillow!=8.3.*,>=5.3.0",
    "torch==2.9.0",
]
files = [
    {file = "torchvision-0.24.0+cu130-cp314-cp314-manylinux_2_28_x86_64.whl", hash = "sha256:507a45b6874fdf46b5dd15d3a03b10b5612fe50658b2fb4de3998ad45758c1af"},
    {file = "torchvision-0.24.0+cu130-cp314-cp314-win_amd64.whl", hash = "sha256:8d241c2d66267272858be6dc4419500957705fe3e38cdad178a2cbc3b01817e3"},
    {file = "torchvision-0.24.0+cu130-cp314-cp314t-manylinux_2_28_x86_64.whl", hash = "sha256:c9a290a0ace580854c8f741ec3c8cc1a1fce16a8ad51d298d3f8d9c985527f0e"},
    {file = "torchvision-0.24.0+cu130-cp314-cp314t-win_amd64.whl", hash = "sha256:32613a3b76a002330db81ed63994ec8fb4aef38a3affb626c435aea9607187b9"},
    {file = "torchvision-0.24.0-cp314-cp314-manylinux_2_28_aarch64.whl", hash = "sha256:17796ba46108217166898e6c4d922df64fbd1fb903d3d30fc7109c9ceb122273"},
    {file = "torchvision-0.24.0-cp314-cp314t-manylinux_2_28_aarch64.whl", hash = "sha256:d98b4093a67b0be7b29ee372585367c0deeb30643647cb5b77458baef7e066e4"},
]

[[package]]
name = "tqdm"
version = "4.67.1"
requires_python = ">=3.7"
summary = "Fast, Extensible Progress Meter"
groups = ["default"]
dependencies = [
    "colorama; platform_system == \"Windows\"",
]
files = [
    {file = "tqdm-4.67.1-py3-none-any.whl", hash = "sha256:26445eca388f82e72884e0d580d5464cd801a3ea01e63e5601bdff9ba6a48de2"},
    {file = "tqdm-4.67.1.tar.gz", hash = "sha256:f8aef9c52c08c13a65f30ea34f4e5aac3fd1a34959879d7e59e63027286627f2"},
]

[[package]]
name = "triton"
version = "3.5.0"
requires_python = ">=3.10,<3.15"
summary = "A language and compiler for custom Deep Learning operations"
groups = ["default"]
marker = "platform_system == \"Linux\""
dependencies = [
    "importlib-metadata; python_version < \"3.10\"",
]
files = [
    {file = "triton-3.5.0-cp314-cp314-manylinux_2_27_aarch64.manylinux_2_28_aarch64.whl", hash = "sha256:4e1a856d1d731734ee9ed62dde548f342d34c988b8d7e235bf2037e428de2258"},
    {file = "triton-3.5.0-cp314-cp314-manylinux_2_27_x86_64.manylinux_2_28_x86_64.whl", hash = "sha256:8d98b78a83e910256ec703486b8c275ec53975e5ac4a8cb7ce07c696e08f6b5a"},
    {file = "triton-3.5.0-cp314-cp314t-manylinux_2_27_aarch64.manylinux_2_28_aarch64.whl", hash = "sha256:0a97fdbcf6b71d73f4c04f5819ca12786ee40e4a83144bebae2616d7c0942182"},
    {file = "triton-3.5.0-cp314-cp314t-manylinux_2_27_x86_64.manylinux_2_28_x86_64.whl", hash = "sha256:ff47e20dbefdaaa2c6968bdcc69633871bda425f2801c67bc8d8df472f1d12d4"},
]

[[package]]
name = "typing-extensions"
version = "4.15.0"
requires_python = ">=3.9"
summary = "Backported and Experimental Type Hints for Python 3.9+"
groups = ["default"]
files = [
    {file = "typing_extensions-4.15.0-py3-none-any.whl", hash = "sha256:f0fa19c6845758ab08074a0cfa8b7aecb71c999ca73d62883bc25cc018c4e548"},
]

[[package]]
name = "tzdata"
version = "2025.2"
requires_python = ">=2"
summary = "Provider of IANA time zone data"
groups = ["default"]
files = [
    {file = "tzdata-2025.2-py2.py3-none-any.whl", hash = "sha256:1a403fada01ff9221ca8044d701868fa132215d84beb92242d9acd2147f667a8"},
    {file = "tzdata-2025.2.tar.gz", hash = "sha256:b60a638fcc0daffadf82fe0f57e53d06bdec2f36c4df66280ae79bce6bd6f2b9"},
]
